PODS:
  - Flutter (1.0.0)
  - mixin_logger (0.0.1):
    - Flutter
  - music_player (0.0.1):
    - Flutter
    - SwiftAudioEx (~> 0.15.3)
  - path_provider_foundation (0.0.1):
    - Flutter
    - FlutterMacOS
  - sqlite3 (3.44.0):
    - sqlite3/common (= 3.44.0)
  - sqlite3/common (3.44.0)
  - sqlite3/fts5 (3.44.0):
    - sqlite3/common
  - sqlite3/perf-threadsafe (3.44.0):
    - sqlite3/common
  - sqlite3/rtree (3.44.0):
    - sqlite3/common
  - sqlite3_flutter_libs (0.0.1):
    - Flutter
    - sqlite3 (~> 3.44.0)
    - sqlite3/fts5
    - sqlite3/perf-threadsafe
    - sqlite3/rtree
  - SwiftAudioEx (0.15.3)
  - url_launcher_ios (0.0.1):
    - Flutter

DEPENDENCIES:
  - Flutter (from `Flutter`)
  - mixin_logger (from `.symlinks/plugins/mixin_logger/ios`)
  - music_player (from `.symlinks/plugins/music_player/ios`)
  - path_provider_foundation (from `.symlinks/plugins/path_provider_foundation/darwin`)
  - sqlite3_flutter_libs (from `.symlinks/plugins/sqlite3_flutter_libs/ios`)
  - url_launcher_ios (from `.symlinks/plugins/url_launcher_ios/ios`)

SPEC REPOS:
  trunk:
    - sqlite3
    - SwiftAudioEx

EXTERNAL SOURCES:
  Flutter:
    :path: Flutter
  mixin_logger:
    :path: ".symlinks/plugins/mixin_logger/ios"
  music_player:
    :path: ".symlinks/plugins/music_player/ios"
  path_provider_foundation:
    :path: ".symlinks/plugins/path_provider_foundation/darwin"
  sqlite3_flutter_libs:
    :path: ".symlinks/plugins/sqlite3_flutter_libs/ios"
  url_launcher_ios:
    :path: ".symlinks/plugins/url_launcher_ios/ios"

SPEC CHECKSUMS:
  Flutter: f04841e97a9d0b0a8025694d0796dd46242b2854
  mixin_logger: 0a3c5fea7ff75f29e3295ad898ca24b71ba83651
  music_player: 2cb8e84bc904013b04392560f0b94d1e96e71e14
  path_provider_foundation: 29f094ae23ebbca9d3d0cec13889cd9060c0e943
  sqlite3: 6e2d4a4879854d0ec86b476bf3c3e30870bac273
  sqlite3_flutter_libs: eb769059df0356dc52ddda040f09cacc9391a7cf
  SwiftAudioEx: 83eabba2940924fc1c0d5cb0896049921365229c
  url_launcher_ios: bf5ce03e0e2088bad9cc378ea97fa0ed5b49673b

PODFILE CHECKSUM: 7368163408c647b7eb699d0d788ba6718e18fb8d

COCOAPODS: 1.14.3
